
Microsoft Visual Studio Solution File, Format Version 11.00
# Visual Studio 2010
Project("{8BC9CEB8-8B4A-11D0-8D11-00A0C91BC942}") = "tutorials", "tutorials\tutorials.vcxproj", "{B2DEE004-1D0B-408F-9D63-8F546B4A1D8D}"
EndProject
Project("{8BC9CEB8-8B4A-11D0-8D11-00A0C91BC942}") = "pa1", "pa1\pa1.vcxproj", "{174626B2-6698-481D-9D44-EF7E5D404BAC}"
EndProject
Project("{8BC9CEB8-8B4A-11D0-8D11-00A0C91BC942}") = "pa2", "pa2\pa2.vcxproj", "{4C493AB6-69F5-4ADB-8791-96DFA8BA7975}"
EndProject
Project("{8BC9CEB8-8B4A-11D0-8D11-00A0C91BC942}") = "pa3", "pa3\pa3.vcxproj", "{D8B223EF-3707-41A0-B241-9E06A8A77A7D}"
EndProject
Project("{8BC9CEB8-8B4A-11D0-8D11-00A0C91BC942}") = "DataStructure", "DataStructure\DataStructure.vcxproj", "{239EE009-8C18-4A75-AB25-FC9A71C3DAC6}"
EndProject
Global
	GlobalSection(SolutionConfigurationPlatforms) = preSolution
		Debug|Win32 = Debug|Win32
		Release|Win32 = Release|Win32
	EndGlobalSection
	GlobalSection(ProjectConfigurationPlatforms) = postSolution
		{B2DEE004-1D0B-408F-9D63-8F546B4A1D8D}.Debug|Win32.ActiveCfg = Debug|Win32
		{B2DEE004-1D0B-408F-9D63-8F546B4A1D8D}.Debug|Win32.Build.0 = Debug|Win32
		{B2DEE004-1D0B-408F-9D63-8F546B4A1D8D}.Release|Win32.ActiveCfg = Release|Win32
		{B2DEE004-1D0B-408F-9D63-8F546B4A1D8D}.Release|Win32.Build.0 = Release|Win32
		{174626B2-6698-481D-9D44-EF7E5D404BAC}.Debug|Win32.ActiveCfg = Debug|Win32
		{174626B2-6698-481D-9D44-EF7E5D404BAC}.Debug|Win32.Build.0 = Debug|Win32
		{174626B2-6698-481D-9D44-EF7E5D404BAC}.Release|Win32.ActiveCfg = Release|Win32
		{174626B2-6698-481D-9D44-EF7E5D404BAC}.Release|Win32.Build.0 = Release|Win32
		{4C493AB6-69F5-4ADB-8791-96DFA8BA7975}.Debug|Win32.ActiveCfg = Debug|Win32
		{4C493AB6-69F5-4ADB-8791-96DFA8BA7975}.Debug|Win32.Build.0 = Debug|Win32
		{4C493AB6-69F5-4ADB-8791-96DFA8BA7975}.Release|Win32.ActiveCfg = Release|Win32
		{4C493AB6-69F5-4ADB-8791-96DFA8BA7975}.Release|Win32.Build.0 = Release|Win32
		{D8B223EF-3707-41A0-B241-9E06A8A77A7D}.Debug|Win32.ActiveCfg = Debug|Win32
		{D8B223EF-3707-41A0-B241-9E06A8A77A7D}.Debug|Win32.Build.0 = Debug|Win32
		{D8B223EF-3707-41A0-B241-9E06A8A77A7D}.Release|Win32.ActiveCfg = Release|Win32
		{D8B223EF-3707-41A0-B241-9E06A8A77A7D}.Release|Win32.Build.0 = Release|Win32
		{239EE009-8C18-4A75-AB25-FC9A71C3DAC6}.Debug|Win32.ActiveCfg = Debug|Win32
		{239EE009-8C18-4A75-AB25-FC9A71C3DAC6}.Debug|Win32.Build.0 = Debug|Win32
		{239EE009-8C18-4A75-AB25-FC9A71C3DAC6}.Release|Win32.ActiveCfg = Release|Win32
		{239EE009-8C18-4A75-AB25-FC9A71C3DAC6}.Release|Win32.Build.0 = Release|Win32
	EndGlobalSection
	GlobalSection(SolutionProperties) = preSolution
		HideSolutionNode = FALSE
	EndGlobalSection
EndGlobal
